{
  "name": "politiceu-0.0.2",
  "version": "0.1.0",
  "lockfileVersion": 1,
  "requires": true,
  "dependencies": {
    "d3": {
      "version": "3.5.17",
      "resolved": "https://registry.npmjs.org/d3/-/d3-3.5.17.tgz",
      "integrity": "sha1-vEZ0gAQ3iyGjYMn8fPUjF5B2L7g="
    },
    "d3-geo": {
      "version": "1.6.4",
      "resolved": "https://registry.npmjs.org/d3-geo/-/d3-geo-1.6.4.tgz",
      "integrity": "sha1-8g4eRhyxhF9ai+Vatvh2VCp+MZk="
    },
    "jquery": {
      "version": "3.5.0",
      "resolved": "https://registry.npmjs.org/jquery/-/jquery-3.5.0.tgz",
      "integrity": "sha512-Xb7SVYMvygPxbFMpTFQiHh1J7HClEaThguL15N/Gg37Lri/qKyhRGZYzHRyLH8Stq3Aow0LsHO2O2ci86fCrNQ=="
    },
    "parliament-svg": {
      "version": "1.0.1",
      "resolved": "https://registry.npmjs.org/parliament-svg/-/parliament-svg-1.0.1.tgz",
      "integrity": "sha1-ud/k+lS2lJ/3VtSYxuJ4M4hA1Tk="
    },
    "react": {
      "version": "15.5.4",
      "resolved": "https://registry.npmjs.org/react/-/react-15.5.4.tgz",
      "integrity": "sha1-+oPrAVBqsjfNwcjDsc6o3gEr8Ec="
    },
    "react-d3": {
      "version": "0.4.0",
      "resolved": "https://registry.npmjs.org/react-d3/-/react-d3-0.4.0.tgz",
      "integrity": "sha1-3s7c7ZZ/SM2JzNeftAjUfw8qy+I="
    },
    "react-dom": {
      "version": "15.5.4",
      "resolved": "https://registry.npmjs.org/react-dom/-/react-dom-15.5.4.tgz",
      "integrity": "sha1-ugwoeG/VLtfk8hNf4CiNRirvk9o="
    },
    "react-scripts": {
      "version": "1.0.7",
      "resolved": "https://registry.npmjs.org/react-scripts/-/react-scripts-1.0.7.tgz",
      "integrity": "sha1-/hQ23aA7tFRlx20JfP6k8y63y7s=",
      "dev": true
    },
    "svg": {
      "version": "0.1.0",
      "resolved": "https://registry.npmjs.org/svg/-/svg-0.1.0.tgz",
      "integrity": "sha1-6TT8tVt5a4GKqImq/uPs46Ceb5A="
    },
    "topojson": {
      "version": "3.0.0",
      "resolved": "https://registry.npmjs.org/topojson/-/topojson-3.0.0.tgz",
      "integrity": "sha1-wqyht2Q16AHc4/IpWGu9V2cRXOM=",
      "dependencies": {
        "topojson-client": {
          "version": "3.0.0",
          "resolved": "https://registry.npmjs.org/topojson-client/-/topojson-client-3.0.0.tgz",
          "integrity": "sha1-H5kpOnfvQqRI0DKoGqmCtz82DS8="
        },
        "topojson-server": {
          "version": "3.0.0",
          "resolved": "https://registry.npmjs.org/topojson-server/-/topojson-server-3.0.0.tgz",
          "integrity": "sha1-N4546Hw5cqe1vixdYENptrrmnF4="
        },
        "topojson-simplify": {
          "version": "3.0.0",
          "resolved": "https://registry.npmjs.org/topojson-simplify/-/topojson-simplify-3.0.0.tgz",
          "integrity": "sha1-WFJ9JsqFvYWJtYAPbBDpOIUkWuU="
        }
      }
    },
    "virtual-dom-stringify": {
      "version": "3.0.1",
      "resolved": "https://registry.npmjs.org/virtual-dom-stringify/-/virtual-dom-stringify-3.0.1.tgz",
      "integrity": "sha1-zKZZWpuNhp+OgScTLIM5WA/ndyQ=",
      "dependencies": {
        "he": {
          "version": "0.5.0",
          "resolved": "https://registry.npmjs.org/he/-/he-0.5.0.tgz",
          "integrity": "sha1-LAX/rvkLaOhg8/0rVO9YCYknfuI="
        },
        "param-case": {
          "version": "1.1.2",
          "resolved": "https://registry.npmjs.org/param-case/-/param-case-1.1.2.tgz",
          "integrity": "sha1-3LCRpDwlm5Io8cNB57akTqC/l0M="
        }
      }
    }
  }
}
